
Microsoft Visual Studio Solution File, Format Version 12.00
# Visual Studio 15
VisualStudioVersion = 15.0.27428.2037
MinimumVisualStudioVersion = 10.0.40219.1
Project("{FAE04EC0-301F-11D3-BF4B-00C04F79EFBC}") = "01.Stars_in_the_Cube", "01.Stars_in_the_Cube.csproj", "{EB949EBE-90F4-4B3E-A3BB-517796845446}"
EndProject
Project("{FAE04EC0-301F-11D3-BF4B-00C04F79EFBC}") = "03.Shortest_Path", "..\03.Shortest_Path\03.Shortest_Path.csproj", "{EB7F6BC5-C137-45CB-BE96-4CED322F0092}"
EndProject
Project("{FAE04EC0-301F-11D3-BF4B-00C04F79EFBC}") = "02.Guitar", "..\02.Guitar\02.Guitar.csproj", "{74839C76-F040-47AB-A65F-53F47ED56930}"
EndProject
Global
	GlobalSection(SolutionConfigurationPlatforms) = preSolution
		Debug|Any CPU = Debug|Any CPU
		Release|Any CPU = Release|Any CPU
	EndGlobalSection
	GlobalSection(ProjectConfigurationPlatforms) = postSolution
		{EB949EBE-90F4-4B3E-A3BB-517796845446}.Debug|Any CPU.ActiveCfg = Debug|Any CPU
		{EB949EBE-90F4-4B3E-A3BB-517796845446}.Debug|Any CPU.Build.0 = Debug|Any CPU
		{EB949EBE-90F4-4B3E-A3BB-517796845446}.Release|Any CPU.ActiveCfg = Release|Any CPU
		{EB949EBE-90F4-4B3E-A3BB-517796845446}.Release|Any CPU.Build.0 = Release|Any CPU
		{EB7F6BC5-C137-45CB-BE96-4CED322F0092}.Debug|Any CPU.ActiveCfg = Debug|Any CPU
		{EB7F6BC5-C137-45CB-BE96-4CED322F0092}.Debug|Any CPU.Build.0 = Debug|Any CPU
		{EB7F6BC5-C137-45CB-BE96-4CED322F0092}.Release|Any CPU.ActiveCfg = Release|Any CPU
		{EB7F6BC5-C137-45CB-BE96-4CED322F0092}.Release|Any CPU.Build.0 = Release|Any CPU
		{74839C76-F040-47AB-A65F-53F47ED56930}.Debug|Any CPU.ActiveCfg = Debug|Any CPU
		{74839C76-F040-47AB-A65F-53F47ED56930}.Debug|Any CPU.Build.0 = Debug|Any CPU
		{74839C76-F040-47AB-A65F-53F47ED56930}.Release|Any CPU.ActiveCfg = Release|Any CPU
		{74839C76-F040-47AB-A65F-53F47ED56930}.Release|Any CPU.Build.0 = Release|Any CPU
	EndGlobalSection
	GlobalSection(SolutionProperties) = preSolution
		HideSolutionNode = FALSE
	EndGlobalSection
	GlobalSection(ExtensibilityGlobals) = postSolution
		SolutionGuid = {0D41BDA4-B4D5-491B-9F4A-2C2701879BAA}
	EndGlobalSection
EndGlobal
