
Microsoft Visual Studio Solution File, Format Version 12.00
# Visual Studio 15
VisualStudioVersion = 15.0.27428.2037
MinimumVisualStudioVersion = 10.0.40219.1
Project("{FAE04EC0-301F-11D3-BF4B-00C04F79EFBC}") = "01.Reverse_Array", "01.Reverse_Array.csproj", "{9DBF72EC-8796-4CD5-828A-76C315C009A2}"
EndProject
Project("{FAE04EC0-301F-11D3-BF4B-00C04F79EFBC}") = "02.Nested_Loops", "..\02.Nested_Loops\02.Nested_Loops.csproj", "{B9839BEE-150B-4097-9F3D-B41EEC2A7D69}"
EndProject
Project("{FAE04EC0-301F-11D3-BF4B-00C04F79EFBC}") = "03.Combinations_with_Repetition", "..\03.Combinations_with_Repetition\03.Combinations_with_Repetition.csproj", "{4909F74C-80D7-46B6-AFC2-EA082CD7B085}"
EndProject
Project("{FAE04EC0-301F-11D3-BF4B-00C04F79EFBC}") = "04.Towers_of_Hanoi", "..\04.Towers_of_Hanoi\04.Towers_of_Hanoi.csproj", "{3AF7BA13-B413-4FC2-A144-ECA7FDED5E3B}"
EndProject
Project("{FAE04EC0-301F-11D3-BF4B-00C04F79EFBC}") = "05.Combinations_without_Repetition", "..\05.Combinations_without_Repetition\05.Combinations_without_Repetition.csproj", "{8585481A-2A4C-4AEC-A4AB-5227C93B14AC}"
EndProject
Project("{FAE04EC0-301F-11D3-BF4B-00C04F79EFBC}") = "06.Connected_Areas_in_Matrix", "..\06.Connected_Areas_in_Matrix\06.Connected_Areas_in_Matrix.csproj", "{CFD4699B-C747-4FFC-9A62-F6EC73D72EBE}"
EndProject
Global
	GlobalSection(SolutionConfigurationPlatforms) = preSolution
		Debug|Any CPU = Debug|Any CPU
		Release|Any CPU = Release|Any CPU
	EndGlobalSection
	GlobalSection(ProjectConfigurationPlatforms) = postSolution
		{9DBF72EC-8796-4CD5-828A-76C315C009A2}.Debug|Any CPU.ActiveCfg = Debug|Any CPU
		{9DBF72EC-8796-4CD5-828A-76C315C009A2}.Debug|Any CPU.Build.0 = Debug|Any CPU
		{9DBF72EC-8796-4CD5-828A-76C315C009A2}.Release|Any CPU.ActiveCfg = Release|Any CPU
		{9DBF72EC-8796-4CD5-828A-76C315C009A2}.Release|Any CPU.Build.0 = Release|Any CPU
		{B9839BEE-150B-4097-9F3D-B41EEC2A7D69}.Debug|Any CPU.ActiveCfg = Debug|Any CPU
		{B9839BEE-150B-4097-9F3D-B41EEC2A7D69}.Debug|Any CPU.Build.0 = Debug|Any CPU
		{B9839BEE-150B-4097-9F3D-B41EEC2A7D69}.Release|Any CPU.ActiveCfg = Release|Any CPU
		{B9839BEE-150B-4097-9F3D-B41EEC2A7D69}.Release|Any CPU.Build.0 = Release|Any CPU
		{4909F74C-80D7-46B6-AFC2-EA082CD7B085}.Debug|Any CPU.ActiveCfg = Debug|Any CPU
		{4909F74C-80D7-46B6-AFC2-EA082CD7B085}.Debug|Any CPU.Build.0 = Debug|Any CPU
		{4909F74C-80D7-46B6-AFC2-EA082CD7B085}.Release|Any CPU.ActiveCfg = Release|Any CPU
		{4909F74C-80D7-46B6-AFC2-EA082CD7B085}.Release|Any CPU.Build.0 = Release|Any CPU
		{3AF7BA13-B413-4FC2-A144-ECA7FDED5E3B}.Debug|Any CPU.ActiveCfg = Debug|Any CPU
		{3AF7BA13-B413-4FC2-A144-ECA7FDED5E3B}.Debug|Any CPU.Build.0 = Debug|Any CPU
		{3AF7BA13-B413-4FC2-A144-ECA7FDED5E3B}.Release|Any CPU.ActiveCfg = Release|Any CPU
		{3AF7BA13-B413-4FC2-A144-ECA7FDED5E3B}.Release|Any CPU.Build.0 = Release|Any CPU
		{8585481A-2A4C-4AEC-A4AB-5227C93B14AC}.Debug|Any CPU.ActiveCfg = Debug|Any CPU
		{8585481A-2A4C-4AEC-A4AB-5227C93B14AC}.Debug|Any CPU.Build.0 = Debug|Any CPU
		{8585481A-2A4C-4AEC-A4AB-5227C93B14AC}.Release|Any CPU.ActiveCfg = Release|Any CPU
		{8585481A-2A4C-4AEC-A4AB-5227C93B14AC}.Release|Any CPU.Build.0 = Release|Any CPU
		{CFD4699B-C747-4FFC-9A62-F6EC73D72EBE}.Debug|Any CPU.ActiveCfg = Debug|Any CPU
		{CFD4699B-C747-4FFC-9A62-F6EC73D72EBE}.Debug|Any CPU.Build.0 = Debug|Any CPU
		{CFD4699B-C747-4FFC-9A62-F6EC73D72EBE}.Release|Any CPU.ActiveCfg = Release|Any CPU
		{CFD4699B-C747-4FFC-9A62-F6EC73D72EBE}.Release|Any CPU.Build.0 = Release|Any CPU
	EndGlobalSection
	GlobalSection(SolutionProperties) = preSolution
		HideSolutionNode = FALSE
	EndGlobalSection
	GlobalSection(ExtensibilityGlobals) = postSolution
		SolutionGuid = {8995E57A-AF28-4636-BBF3-FA3DA8638EA2}
	EndGlobalSection
EndGlobal
