
Microsoft Visual Studio Solution File, Format Version 12.00
# Visual Studio 15
VisualStudioVersion = 15.0.27428.2037
MinimumVisualStudioVersion = 10.0.40219.1
Project("{FAE04EC0-301F-11D3-BF4B-00C04F79EFBC}") = "01.Distance_Between_Vertices", "01.Distance_Between_Vertices.csproj", "{9981B658-BF3C-462B-A960-355BD3FCAF71}"
EndProject
Project("{FAE04EC0-301F-11D3-BF4B-00C04F79EFBC}") = "02.Areas_in_Matrix", "..\02.Areas_in_Matrix\02.Areas_in_Matrix.csproj", "{69F3AAE4-120B-4875-8FF5-F9D761514907}"
EndProject
Project("{FAE04EC0-301F-11D3-BF4B-00C04F79EFBC}") = "03.Cycles_in_Graph", "..\03.Cycles_in_Graph\03.Cycles_in_Graph.csproj", "{A2FA333C-DE65-42D3-9A25-D5F39CD5864A}"
EndProject
Project("{FAE04EC0-301F-11D3-BF4B-00C04F79EFBC}") = "04.Salaries", "..\04.Salaries\04.Salaries.csproj", "{32793149-48B0-4DCA-BABE-0F4C630EA26D}"
EndProject
Project("{FAE04EC0-301F-11D3-BF4B-00C04F79EFBC}") = "05.Break_Cycles", "..\05.Break_Cycles\05.Break_Cycles.csproj", "{518AA7A0-D428-472C-99EC-F39B78151A11}"
EndProject
Global
	GlobalSection(SolutionConfigurationPlatforms) = preSolution
		Debug|Any CPU = Debug|Any CPU
		Release|Any CPU = Release|Any CPU
	EndGlobalSection
	GlobalSection(ProjectConfigurationPlatforms) = postSolution
		{9981B658-BF3C-462B-A960-355BD3FCAF71}.Debug|Any CPU.ActiveCfg = Debug|Any CPU
		{9981B658-BF3C-462B-A960-355BD3FCAF71}.Debug|Any CPU.Build.0 = Debug|Any CPU
		{9981B658-BF3C-462B-A960-355BD3FCAF71}.Release|Any CPU.ActiveCfg = Release|Any CPU
		{9981B658-BF3C-462B-A960-355BD3FCAF71}.Release|Any CPU.Build.0 = Release|Any CPU
		{69F3AAE4-120B-4875-8FF5-F9D761514907}.Debug|Any CPU.ActiveCfg = Debug|Any CPU
		{69F3AAE4-120B-4875-8FF5-F9D761514907}.Debug|Any CPU.Build.0 = Debug|Any CPU
		{69F3AAE4-120B-4875-8FF5-F9D761514907}.Release|Any CPU.ActiveCfg = Release|Any CPU
		{69F3AAE4-120B-4875-8FF5-F9D761514907}.Release|Any CPU.Build.0 = Release|Any CPU
		{A2FA333C-DE65-42D3-9A25-D5F39CD5864A}.Debug|Any CPU.ActiveCfg = Debug|Any CPU
		{A2FA333C-DE65-42D3-9A25-D5F39CD5864A}.Debug|Any CPU.Build.0 = Debug|Any CPU
		{A2FA333C-DE65-42D3-9A25-D5F39CD5864A}.Release|Any CPU.ActiveCfg = Release|Any CPU
		{A2FA333C-DE65-42D3-9A25-D5F39CD5864A}.Release|Any CPU.Build.0 = Release|Any CPU
		{32793149-48B0-4DCA-BABE-0F4C630EA26D}.Debug|Any CPU.ActiveCfg = Debug|Any CPU
		{32793149-48B0-4DCA-BABE-0F4C630EA26D}.Debug|Any CPU.Build.0 = Debug|Any CPU
		{32793149-48B0-4DCA-BABE-0F4C630EA26D}.Release|Any CPU.ActiveCfg = Release|Any CPU
		{32793149-48B0-4DCA-BABE-0F4C630EA26D}.Release|Any CPU.Build.0 = Release|Any CPU
		{518AA7A0-D428-472C-99EC-F39B78151A11}.Debug|Any CPU.ActiveCfg = Debug|Any CPU
		{518AA7A0-D428-472C-99EC-F39B78151A11}.Debug|Any CPU.Build.0 = Debug|Any CPU
		{518AA7A0-D428-472C-99EC-F39B78151A11}.Release|Any CPU.ActiveCfg = Release|Any CPU
		{518AA7A0-D428-472C-99EC-F39B78151A11}.Release|Any CPU.Build.0 = Release|Any CPU
	EndGlobalSection
	GlobalSection(SolutionProperties) = preSolution
		HideSolutionNode = FALSE
	EndGlobalSection
	GlobalSection(ExtensibilityGlobals) = postSolution
		SolutionGuid = {877F5FC7-0DA7-4092-8F52-E748A252E983}
	EndGlobalSection
EndGlobal
