
Microsoft Visual Studio Solution File, Format Version 12.00
# Visual Studio 15
VisualStudioVersion = 15.0.27428.2037
MinimumVisualStudioVersion = 10.0.40219.1
Project("{FAE04EC0-301F-11D3-BF4B-00C04F79EFBC}") = "01.Connecting_Cables", "01.Connecting_Cables.csproj", "{4DDA8426-99FF-4AFB-A308-39A9CAF4124B}"
EndProject
Project("{FAE04EC0-301F-11D3-BF4B-00C04F79EFBC}") = "02.Minimum_Edit_Distance", "..\02.Minimum_Edit_Distance\02.Minimum_Edit_Distance.csproj", "{07512301-4F3F-476D-A891-F9F401AA7207}"
EndProject
Global
	GlobalSection(SolutionConfigurationPlatforms) = preSolution
		Debug|Any CPU = Debug|Any CPU
		Release|Any CPU = Release|Any CPU
	EndGlobalSection
	GlobalSection(ProjectConfigurationPlatforms) = postSolution
		{4DDA8426-99FF-4AFB-A308-39A9CAF4124B}.Debug|Any CPU.ActiveCfg = Debug|Any CPU
		{4DDA8426-99FF-4AFB-A308-39A9CAF4124B}.Debug|Any CPU.Build.0 = Debug|Any CPU
		{4DDA8426-99FF-4AFB-A308-39A9CAF4124B}.Release|Any CPU.ActiveCfg = Release|Any CPU
		{4DDA8426-99FF-4AFB-A308-39A9CAF4124B}.Release|Any CPU.Build.0 = Release|Any CPU
		{07512301-4F3F-476D-A891-F9F401AA7207}.Debug|Any CPU.ActiveCfg = Debug|Any CPU
		{07512301-4F3F-476D-A891-F9F401AA7207}.Debug|Any CPU.Build.0 = Debug|Any CPU
		{07512301-4F3F-476D-A891-F9F401AA7207}.Release|Any CPU.ActiveCfg = Release|Any CPU
		{07512301-4F3F-476D-A891-F9F401AA7207}.Release|Any CPU.Build.0 = Release|Any CPU
	EndGlobalSection
	GlobalSection(SolutionProperties) = preSolution
		HideSolutionNode = FALSE
	EndGlobalSection
	GlobalSection(ExtensibilityGlobals) = postSolution
		SolutionGuid = {572D1E20-EFCF-4A71-AD9E-E6CA187A0D60}
	EndGlobalSection
EndGlobal
