
Microsoft Visual Studio Solution File, Format Version 12.00
# Visual Studio 15
VisualStudioVersion = 15.0.27428.2037
MinimumVisualStudioVersion = 10.0.40219.1
Project("{FAE04EC0-301F-11D3-BF4B-00C04F79EFBC}") = "01.MergeSort", "01.MergeSort.csproj", "{8AE918E1-17A3-4FE3-A322-A1393113FC95}"
EndProject
Project("{FAE04EC0-301F-11D3-BF4B-00C04F79EFBC}") = "02.Quicksort", "..\02.Quicksort\02.Quicksort.csproj", "{C7A8F963-E9C7-47C2-870A-7FBF5B2325D7}"
EndProject
Project("{FAE04EC0-301F-11D3-BF4B-00C04F79EFBC}") = "03.Binary_Search", "..\03.Binary_Search\03.Binary_Search.csproj", "{7735D38D-E278-4662-B6A6-F46A8B5779A3}"
EndProject
Global
	GlobalSection(SolutionConfigurationPlatforms) = preSolution
		Debug|Any CPU = Debug|Any CPU
		Release|Any CPU = Release|Any CPU
	EndGlobalSection
	GlobalSection(ProjectConfigurationPlatforms) = postSolution
		{8AE918E1-17A3-4FE3-A322-A1393113FC95}.Debug|Any CPU.ActiveCfg = Debug|Any CPU
		{8AE918E1-17A3-4FE3-A322-A1393113FC95}.Debug|Any CPU.Build.0 = Debug|Any CPU
		{8AE918E1-17A3-4FE3-A322-A1393113FC95}.Release|Any CPU.ActiveCfg = Release|Any CPU
		{8AE918E1-17A3-4FE3-A322-A1393113FC95}.Release|Any CPU.Build.0 = Release|Any CPU
		{C7A8F963-E9C7-47C2-870A-7FBF5B2325D7}.Debug|Any CPU.ActiveCfg = Debug|Any CPU
		{C7A8F963-E9C7-47C2-870A-7FBF5B2325D7}.Debug|Any CPU.Build.0 = Debug|Any CPU
		{C7A8F963-E9C7-47C2-870A-7FBF5B2325D7}.Release|Any CPU.ActiveCfg = Release|Any CPU
		{C7A8F963-E9C7-47C2-870A-7FBF5B2325D7}.Release|Any CPU.Build.0 = Release|Any CPU
		{7735D38D-E278-4662-B6A6-F46A8B5779A3}.Debug|Any CPU.ActiveCfg = Debug|Any CPU
		{7735D38D-E278-4662-B6A6-F46A8B5779A3}.Debug|Any CPU.Build.0 = Debug|Any CPU
		{7735D38D-E278-4662-B6A6-F46A8B5779A3}.Release|Any CPU.ActiveCfg = Release|Any CPU
		{7735D38D-E278-4662-B6A6-F46A8B5779A3}.Release|Any CPU.Build.0 = Release|Any CPU
	EndGlobalSection
	GlobalSection(SolutionProperties) = preSolution
		HideSolutionNode = FALSE
	EndGlobalSection
	GlobalSection(ExtensibilityGlobals) = postSolution
		SolutionGuid = {7B583A7F-A97D-42DA-B8D0-ED5A33163B02}
	EndGlobalSection
EndGlobal
